
Microsoft Visual Studio Solution File, Format Version 12.00
# Visual Studio Version 17
VisualStudioVersion = 17.4.33213.308
MinimumVisualStudioVersion = 10.0.40219.1
Project("{FAE04EC0-301F-11D3-BF4B-00C04F79EFBC}") = "ApiTiendaCore", "ApiTiendaCore\ApiTiendaCore.csproj", "{12CC8D81-2E7A-4824-BFE5-1AAE39054E89}"
EndProject
Global
	GlobalSection(SolutionConfigurationPlatforms) = preSolution
		Debug|Any CPU = Debug|Any CPU
		Release|Any CPU = Release|Any CPU
	EndGlobalSection
	GlobalSection(ProjectConfigurationPlatforms) = postSolution
		{12CC8D81-2E7A-4824-BFE5-1AAE39054E89}.Debug|Any CPU.ActiveCfg = Debug|Any CPU
		{12CC8D81-2E7A-4824-BFE5-1AAE39054E89}.Debug|Any CPU.Build.0 = Debug|Any CPU
		{12CC8D81-2E7A-4824-BFE5-1AAE39054E89}.Release|Any CPU.ActiveCfg = Release|Any CPU
		{12CC8D81-2E7A-4824-BFE5-1AAE39054E89}.Release|Any CPU.Build.0 = Release|Any CPU
	EndGlobalSection
	GlobalSection(SolutionProperties) = preSolution
		HideSolutionNode = FALSE
	EndGlobalSection
	GlobalSection(ExtensibilityGlobals) = postSolution
		SolutionGuid = {6A5ACB39-8101-4C99-B821-E67A81C872CF}
	EndGlobalSection
EndGlobal
